
Microsoft Visual Studio Solution File, Format Version 12.00
# Visual Studio 15
VisualStudioVersion = 15.0.27703.2042
MinimumVisualStudioVersion = 10.0.40219.1
Project("{FAE04EC0-301F-11D3-BF4B-00C04F79EFBC}") = "Demo", "Demo\Demo.csproj", "{6B4FC1F9-DF42-41BD-9B9F-B86C1E3AD7EC}"
EndProject
Global
	GlobalSection(SolutionConfigurationPlatforms) = preSolution
		Debug|Any CPU = Debug|Any CPU
		Release|Any CPU = Release|Any CPU
	EndGlobalSection
	GlobalSection(ProjectConfigurationPlatforms) = postSolution
		{6B4FC1F9-DF42-41BD-9B9F-B86C1E3AD7EC}.Debug|Any CPU.ActiveCfg = Debug|Any CPU
		{6B4FC1F9-DF42-41BD-9B9F-B86C1E3AD7EC}.Debug|Any CPU.Build.0 = Debug|Any CPU
		{6B4FC1F9-DF42-41BD-9B9F-B86C1E3AD7EC}.Release|Any CPU.ActiveCfg = Release|Any CPU
		{6B4FC1F9-DF42-41BD-9B9F-B86C1E3AD7EC}.Release|Any CPU.Build.0 = Release|Any CPU
	EndGlobalSection
	GlobalSection(SolutionProperties) = preSolution
		HideSolutionNode = FALSE
	EndGlobalSection
	GlobalSection(ExtensibilityGlobals) = postSolution
		SolutionGuid = {E8116BE0-E97C-4E4D-B363-4E0A44288C02}
	EndGlobalSection
EndGlobal
